{
  "object": {
    "pins": [
      {
        "package": "KeyboardKit",
        "repositoryURL": "https://github.com/danielsaidi/KeyboardKit.git",
        "state": {
          "branch": "layout",
          "revision": "d4ad75221c7fc586ce9582202ae91feb5e5659ba",
          "version": null
        }
      },
      {
        "package": "Mockery",
        "repositoryURL": "https://github.com/danielsaidi/Mockery.git",
        "state": {
          "branch": null,
          "revision": "9df3b503d8a7113b606159f3268658a3b47c088e",
          "version": "0.6.0"
        }
      },
      {
        "package": "Nimble",
        "repositoryURL": "https://github.com/Quick/Nimble.git",
        "state": {
          "branch": null,
          "revision": "7fd118ec8795888bcbbebc1a41f6984454c4cd6f",
          "version": "8.0.7"
        }
      },
      {
        "package": "Quick",
        "repositoryURL": "https://github.com/Quick/Quick.git",
        "state": {
          "branch": null,
          "revision": "33682c2f6230c60614861dfc61df267e11a1602f",
          "version": "2.2.0"
        }
      }
    ]
  },
  "version": 1
}
